
Microsoft Visual Studio Solution File, Format Version 12.00
# Visual Studio Version 17
VisualStudioVersion = 17.2.32526.322
MinimumVisualStudioVersion = 10.0.40219.1
Project("{2150E333-8FDC-42A3-9474-1A3956D46DE8}") = "MultiThreading", "MultiThreading", "{D2C2E247-7A5D-4524-82EE-5C4258210E93}"
EndProject
Project("{2150E333-8FDC-42A3-9474-1A3956D46DE8}") = "DesignPatterns", "DesignPatterns", "{DD9462F4-9B51-4AB4-9767-9EED146034BA}"
EndProject
Project("{2150E333-8FDC-42A3-9474-1A3956D46DE8}") = "Pipeline", "Pipeline", "{DC8B27B1-FCA3-4884-AB20-14D9BCF81E35}"
EndProject
Project("{2150E333-8FDC-42A3-9474-1A3956D46DE8}") = "Syncronization", "Syncronization", "{ED789995-5890-435E-82AC-E3697345DAF8}"
EndProject
Project("{9A19103F-16F7-4668-BE54-9A1E7A4F7556}") = "MonitorScore", "Multithreading\Sync\MonitorSyncLabs\MonitorScore.csproj", "{AEA3F719-264D-4D3D-8883-AE9EB5E220DE}"
EndProject
Project("{2150E333-8FDC-42A3-9474-1A3956D46DE8}") = "Priority", "Priority", "{BCB73161-1C0F-463F-BB09-CCFAD91EE043}"
EndProject
Project("{9A19103F-16F7-4668-BE54-9A1E7A4F7556}") = "ThreadPriorityLabs", "Multithreading\Priority\ThreadPriority\ThreadPriorityLabs.csproj", "{83A4C3D4-E0E9-4932-AEEC-28AEF5A960E1}"
EndProject
Project("{2150E333-8FDC-42A3-9474-1A3956D46DE8}") = "Waiting", "Waiting", "{B803817E-4068-488C-A151-1336D8AD5983}"
EndProject
Project("{9A19103F-16F7-4668-BE54-9A1E7A4F7556}") = "ThreadsWaitingLabs", "Multithreading\Waiting\ThreadsWaiting\ThreadsWaitingLabs\ThreadsWaitingLabs.csproj", "{5961D590-E9F1-4325-BEB6-A4564F7C0F22}"
EndProject
Project("{2150E333-8FDC-42A3-9474-1A3956D46DE8}") = "Security", "Security", "{C5A6E589-361A-442C-9FB5-5840FCCEED05}"
EndProject
Project("{2150E333-8FDC-42A3-9474-1A3956D46DE8}") = "NetSecrets", "NetSecrets", "{6D98F656-F384-435C-A34E-3551AAE5F613}"
EndProject
Project("{9A19103F-16F7-4668-BE54-9A1E7A4F7556}") = "NetSecrets", "Security\Secrets\NetSecrets\NetSecrets.csproj", "{D48CDC95-F6F4-4113-8505-A34BC5E60665}"
EndProject
Project("{9A19103F-16F7-4668-BE54-9A1E7A4F7556}") = "TplPipelineLabs", "Multithreading\DesignPatterns\Pipeline\TapPipelineLabs\TplPipelineLabs.csproj", "{C7D9668C-6EB5-4FAB-B68E-EF7D70290676}"
EndProject
Project("{2150E333-8FDC-42A3-9474-1A3956D46DE8}") = "Dataflow", "Dataflow", "{6BB78D39-ACF0-497C-A908-A41DC59D9BF2}"
EndProject
Project("{9A19103F-16F7-4668-BE54-9A1E7A4F7556}") = "TplDataFlowLabs", "Multithreading\DesignPatterns\Dataflow\TplDataFlowLabs\TplDataFlowLabs\TplDataFlowLabs.csproj", "{281D5001-816F-47A5-912D-3F2F9F50BD55}"
EndProject
Project("{2150E333-8FDC-42A3-9474-1A3956D46DE8}") = "ProducerConsumer", "ProducerConsumer", "{76180AD0-8E32-4B08-BAD9-90CDA6BC86BD}"
EndProject
Project("{9A19103F-16F7-4668-BE54-9A1E7A4F7556}") = "PubSubBlockingCollectionLabs", "Multithreading\DesignPatterns\ProducerConsumer\ProducerConsumerLabs\PubSubBlockingCollectionLabs.csproj", "{F8297875-9B3D-40F8-822F-798D2B94E306}"
EndProject
Project("{9A19103F-16F7-4668-BE54-9A1E7A4F7556}") = "BufferBlockLabs", "Multithreading\DesignPatterns\ProducerConsumer\BufferBlockLabs\BufferBlockLabs.csproj", "{A0D5C105-B235-4A6E-A884-F94A674A51D7}"
EndProject
Project("{2150E333-8FDC-42A3-9474-1A3956D46DE8}") = "CreateThreads", "CreateThreads", "{12633EFF-6BCC-4F7C-9859-A6067A66567D}"
EndProject
Project("{9A19103F-16F7-4668-BE54-9A1E7A4F7556}") = "CreateThreadsLabs", "Multithreading\CreateThreads\CreateThreadsLabs\CreateThreadsLabs.csproj", "{99C06BAD-2333-4BA1-A30D-22C0CC92C4E0}"
EndProject
Project("{9A19103F-16F7-4668-BE54-9A1E7A4F7556}") = "TaskWaitingLabs", "Multithreading\Waiting\TaskWaiting\TaskWaitingLabs\TaskWaitingLabs.csproj", "{C7F99C34-68DB-4694-9426-848C92656075}"
EndProject
Project("{2150E333-8FDC-42A3-9474-1A3956D46DE8}") = "Partitioner", "Partitioner", "{843E0DB4-A410-4A89-8E7A-F3C4EFE77D50}"
EndProject
Project("{9A19103F-16F7-4668-BE54-9A1E7A4F7556}") = "PartitioningStrategyLabs", "Multithreading\Partitioner\loadbalancingPartitioner\PartitioningStrategyLabs.csproj", "{33305FA7-E6EA-4510-A909-34F7620C9BA6}"
EndProject
Project("{2150E333-8FDC-42A3-9474-1A3956D46DE8}") = "Parallel.ForEach", "Parallel.ForEach", "{CE374A3C-3CA9-4BDB-98BC-AE285E4BC75E}"
EndProject
Project("{9A19103F-16F7-4668-BE54-9A1E7A4F7556}") = "ParallelForEachLabs0", "Multithreading\DesignPatterns\Parallel.ForEach\Parallel.ForEachLabs\ParallelForEachLabs0.csproj", "{9D81ACE6-3C88-48E9-ADC9-4A3B022C3B60}"
EndProject
Project("{2150E333-8FDC-42A3-9474-1A3956D46DE8}") = "Parallel LINQ", "Parallel LINQ", "{2250FF86-DDAE-45A2-B68C-7CB46D92FD0B}"
EndProject
Project("{9A19103F-16F7-4668-BE54-9A1E7A4F7556}") = "Parallel.LinqLabs", "Multithreading\DesignPatterns\Parallel.LINQ\Parallel.LinqLabs\Parallel.LinqLabs.csproj", "{1BEA841B-23D1-4996-9681-400F65E25738}"
EndProject
Project("{9A19103F-16F7-4668-BE54-9A1E7A4F7556}") = "BarrierPhaseTea", "Multithreading\Sync\BarrierLabs\BarrierPhaseTea.csproj", "{8DC7C0A6-2999-457B-BA7D-AFC9A726FCBA}"
EndProject
Project("{9A19103F-16F7-4668-BE54-9A1E7A4F7556}") = "MonitorWriteFile", "Multithreading\Sync\MonitorWriteFiles\MonitorWriteFile.csproj", "{A97DC4BC-4B58-4865-B4E6-C3446985496B}"
EndProject
Project("{FAE04EC0-301F-11D3-BF4B-00C04F79EFBC}") = "MutexWriteFiles", "Multithreading\Sync\MutexWriteFiles\MutexWriteFiles.csproj", "{2E03FFE1-9185-4386-8E8D-5E140940F35D}"
EndProject
Global
	GlobalSection(SolutionConfigurationPlatforms) = preSolution
		Debug|Any CPU = Debug|Any CPU
		Release|Any CPU = Release|Any CPU
	EndGlobalSection
	GlobalSection(ProjectConfigurationPlatforms) = postSolution
		{AEA3F719-264D-4D3D-8883-AE9EB5E220DE}.Debug|Any CPU.ActiveCfg = Debug|Any CPU
		{AEA3F719-264D-4D3D-8883-AE9EB5E220DE}.Debug|Any CPU.Build.0 = Debug|Any CPU
		{AEA3F719-264D-4D3D-8883-AE9EB5E220DE}.Release|Any CPU.ActiveCfg = Release|Any CPU
		{AEA3F719-264D-4D3D-8883-AE9EB5E220DE}.Release|Any CPU.Build.0 = Release|Any CPU
		{83A4C3D4-E0E9-4932-AEEC-28AEF5A960E1}.Debug|Any CPU.ActiveCfg = Debug|Any CPU
		{83A4C3D4-E0E9-4932-AEEC-28AEF5A960E1}.Debug|Any CPU.Build.0 = Debug|Any CPU
		{83A4C3D4-E0E9-4932-AEEC-28AEF5A960E1}.Release|Any CPU.ActiveCfg = Release|Any CPU
		{83A4C3D4-E0E9-4932-AEEC-28AEF5A960E1}.Release|Any CPU.Build.0 = Release|Any CPU
		{5961D590-E9F1-4325-BEB6-A4564F7C0F22}.Debug|Any CPU.ActiveCfg = Debug|Any CPU
		{5961D590-E9F1-4325-BEB6-A4564F7C0F22}.Debug|Any CPU.Build.0 = Debug|Any CPU
		{5961D590-E9F1-4325-BEB6-A4564F7C0F22}.Release|Any CPU.ActiveCfg = Release|Any CPU
		{5961D590-E9F1-4325-BEB6-A4564F7C0F22}.Release|Any CPU.Build.0 = Release|Any CPU
		{D48CDC95-F6F4-4113-8505-A34BC5E60665}.Debug|Any CPU.ActiveCfg = Debug|Any CPU
		{D48CDC95-F6F4-4113-8505-A34BC5E60665}.Debug|Any CPU.Build.0 = Debug|Any CPU
		{D48CDC95-F6F4-4113-8505-A34BC5E60665}.Release|Any CPU.ActiveCfg = Release|Any CPU
		{D48CDC95-F6F4-4113-8505-A34BC5E60665}.Release|Any CPU.Build.0 = Release|Any CPU
		{C7D9668C-6EB5-4FAB-B68E-EF7D70290676}.Debug|Any CPU.ActiveCfg = Debug|Any CPU
		{C7D9668C-6EB5-4FAB-B68E-EF7D70290676}.Debug|Any CPU.Build.0 = Debug|Any CPU
		{C7D9668C-6EB5-4FAB-B68E-EF7D70290676}.Release|Any CPU.ActiveCfg = Release|Any CPU
		{C7D9668C-6EB5-4FAB-B68E-EF7D70290676}.Release|Any CPU.Build.0 = Release|Any CPU
		{281D5001-816F-47A5-912D-3F2F9F50BD55}.Debug|Any CPU.ActiveCfg = Debug|Any CPU
		{281D5001-816F-47A5-912D-3F2F9F50BD55}.Debug|Any CPU.Build.0 = Debug|Any CPU
		{281D5001-816F-47A5-912D-3F2F9F50BD55}.Release|Any CPU.ActiveCfg = Release|Any CPU
		{281D5001-816F-47A5-912D-3F2F9F50BD55}.Release|Any CPU.Build.0 = Release|Any CPU
		{F8297875-9B3D-40F8-822F-798D2B94E306}.Debug|Any CPU.ActiveCfg = Debug|Any CPU
		{F8297875-9B3D-40F8-822F-798D2B94E306}.Debug|Any CPU.Build.0 = Debug|Any CPU
		{F8297875-9B3D-40F8-822F-798D2B94E306}.Release|Any CPU.ActiveCfg = Release|Any CPU
		{F8297875-9B3D-40F8-822F-798D2B94E306}.Release|Any CPU.Build.0 = Release|Any CPU
		{A0D5C105-B235-4A6E-A884-F94A674A51D7}.Debug|Any CPU.ActiveCfg = Debug|Any CPU
		{A0D5C105-B235-4A6E-A884-F94A674A51D7}.Debug|Any CPU.Build.0 = Debug|Any CPU
		{A0D5C105-B235-4A6E-A884-F94A674A51D7}.Release|Any CPU.ActiveCfg = Release|Any CPU
		{A0D5C105-B235-4A6E-A884-F94A674A51D7}.Release|Any CPU.Build.0 = Release|Any CPU
		{99C06BAD-2333-4BA1-A30D-22C0CC92C4E0}.Debug|Any CPU.ActiveCfg = Debug|Any CPU
		{99C06BAD-2333-4BA1-A30D-22C0CC92C4E0}.Debug|Any CPU.Build.0 = Debug|Any CPU
		{99C06BAD-2333-4BA1-A30D-22C0CC92C4E0}.Release|Any CPU.ActiveCfg = Release|Any CPU
		{99C06BAD-2333-4BA1-A30D-22C0CC92C4E0}.Release|Any CPU.Build.0 = Release|Any CPU
		{C7F99C34-68DB-4694-9426-848C92656075}.Debug|Any CPU.ActiveCfg = Debug|Any CPU
		{C7F99C34-68DB-4694-9426-848C92656075}.Debug|Any CPU.Build.0 = Debug|Any CPU
		{C7F99C34-68DB-4694-9426-848C92656075}.Release|Any CPU.ActiveCfg = Release|Any CPU
		{C7F99C34-68DB-4694-9426-848C92656075}.Release|Any CPU.Build.0 = Release|Any CPU
		{33305FA7-E6EA-4510-A909-34F7620C9BA6}.Debug|Any CPU.ActiveCfg = Debug|Any CPU
		{33305FA7-E6EA-4510-A909-34F7620C9BA6}.Debug|Any CPU.Build.0 = Debug|Any CPU
		{33305FA7-E6EA-4510-A909-34F7620C9BA6}.Release|Any CPU.ActiveCfg = Release|Any CPU
		{33305FA7-E6EA-4510-A909-34F7620C9BA6}.Release|Any CPU.Build.0 = Release|Any CPU
		{9D81ACE6-3C88-48E9-ADC9-4A3B022C3B60}.Debug|Any CPU.ActiveCfg = Debug|Any CPU
		{9D81ACE6-3C88-48E9-ADC9-4A3B022C3B60}.Debug|Any CPU.Build.0 = Debug|Any CPU
		{9D81ACE6-3C88-48E9-ADC9-4A3B022C3B60}.Release|Any CPU.ActiveCfg = Release|Any CPU
		{9D81ACE6-3C88-48E9-ADC9-4A3B022C3B60}.Release|Any CPU.Build.0 = Release|Any CPU
		{1BEA841B-23D1-4996-9681-400F65E25738}.Debug|Any CPU.ActiveCfg = Debug|Any CPU
		{1BEA841B-23D1-4996-9681-400F65E25738}.Debug|Any CPU.Build.0 = Debug|Any CPU
		{1BEA841B-23D1-4996-9681-400F65E25738}.Release|Any CPU.ActiveCfg = Release|Any CPU
		{1BEA841B-23D1-4996-9681-400F65E25738}.Release|Any CPU.Build.0 = Release|Any CPU
		{8DC7C0A6-2999-457B-BA7D-AFC9A726FCBA}.Debug|Any CPU.ActiveCfg = Debug|Any CPU
		{8DC7C0A6-2999-457B-BA7D-AFC9A726FCBA}.Debug|Any CPU.Build.0 = Debug|Any CPU
		{8DC7C0A6-2999-457B-BA7D-AFC9A726FCBA}.Release|Any CPU.ActiveCfg = Release|Any CPU
		{8DC7C0A6-2999-457B-BA7D-AFC9A726FCBA}.Release|Any CPU.Build.0 = Release|Any CPU
		{A97DC4BC-4B58-4865-B4E6-C3446985496B}.Debug|Any CPU.ActiveCfg = Debug|Any CPU
		{A97DC4BC-4B58-4865-B4E6-C3446985496B}.Debug|Any CPU.Build.0 = Debug|Any CPU
		{A97DC4BC-4B58-4865-B4E6-C3446985496B}.Release|Any CPU.ActiveCfg = Release|Any CPU
		{A97DC4BC-4B58-4865-B4E6-C3446985496B}.Release|Any CPU.Build.0 = Release|Any CPU
		{2E03FFE1-9185-4386-8E8D-5E140940F35D}.Debug|Any CPU.ActiveCfg = Debug|Any CPU
		{2E03FFE1-9185-4386-8E8D-5E140940F35D}.Debug|Any CPU.Build.0 = Debug|Any CPU
		{2E03FFE1-9185-4386-8E8D-5E140940F35D}.Release|Any CPU.ActiveCfg = Release|Any CPU
		{2E03FFE1-9185-4386-8E8D-5E140940F35D}.Release|Any CPU.Build.0 = Release|Any CPU
	EndGlobalSection
	GlobalSection(SolutionProperties) = preSolution
		HideSolutionNode = FALSE
	EndGlobalSection
	GlobalSection(NestedProjects) = preSolution
		{DD9462F4-9B51-4AB4-9767-9EED146034BA} = {D2C2E247-7A5D-4524-82EE-5C4258210E93}
		{DC8B27B1-FCA3-4884-AB20-14D9BCF81E35} = {DD9462F4-9B51-4AB4-9767-9EED146034BA}
		{ED789995-5890-435E-82AC-E3697345DAF8} = {D2C2E247-7A5D-4524-82EE-5C4258210E93}
		{AEA3F719-264D-4D3D-8883-AE9EB5E220DE} = {ED789995-5890-435E-82AC-E3697345DAF8}
		{BCB73161-1C0F-463F-BB09-CCFAD91EE043} = {D2C2E247-7A5D-4524-82EE-5C4258210E93}
		{83A4C3D4-E0E9-4932-AEEC-28AEF5A960E1} = {BCB73161-1C0F-463F-BB09-CCFAD91EE043}
		{B803817E-4068-488C-A151-1336D8AD5983} = {D2C2E247-7A5D-4524-82EE-5C4258210E93}
		{5961D590-E9F1-4325-BEB6-A4564F7C0F22} = {B803817E-4068-488C-A151-1336D8AD5983}
		{6D98F656-F384-435C-A34E-3551AAE5F613} = {C5A6E589-361A-442C-9FB5-5840FCCEED05}
		{D48CDC95-F6F4-4113-8505-A34BC5E60665} = {6D98F656-F384-435C-A34E-3551AAE5F613}
		{C7D9668C-6EB5-4FAB-B68E-EF7D70290676} = {DC8B27B1-FCA3-4884-AB20-14D9BCF81E35}
		{6BB78D39-ACF0-497C-A908-A41DC59D9BF2} = {DD9462F4-9B51-4AB4-9767-9EED146034BA}
		{281D5001-816F-47A5-912D-3F2F9F50BD55} = {6BB78D39-ACF0-497C-A908-A41DC59D9BF2}
		{76180AD0-8E32-4B08-BAD9-90CDA6BC86BD} = {DD9462F4-9B51-4AB4-9767-9EED146034BA}
		{F8297875-9B3D-40F8-822F-798D2B94E306} = {76180AD0-8E32-4B08-BAD9-90CDA6BC86BD}
		{A0D5C105-B235-4A6E-A884-F94A674A51D7} = {76180AD0-8E32-4B08-BAD9-90CDA6BC86BD}
		{12633EFF-6BCC-4F7C-9859-A6067A66567D} = {D2C2E247-7A5D-4524-82EE-5C4258210E93}
		{99C06BAD-2333-4BA1-A30D-22C0CC92C4E0} = {12633EFF-6BCC-4F7C-9859-A6067A66567D}
		{C7F99C34-68DB-4694-9426-848C92656075} = {B803817E-4068-488C-A151-1336D8AD5983}
		{843E0DB4-A410-4A89-8E7A-F3C4EFE77D50} = {D2C2E247-7A5D-4524-82EE-5C4258210E93}
		{33305FA7-E6EA-4510-A909-34F7620C9BA6} = {843E0DB4-A410-4A89-8E7A-F3C4EFE77D50}
		{CE374A3C-3CA9-4BDB-98BC-AE285E4BC75E} = {DD9462F4-9B51-4AB4-9767-9EED146034BA}
		{9D81ACE6-3C88-48E9-ADC9-4A3B022C3B60} = {CE374A3C-3CA9-4BDB-98BC-AE285E4BC75E}
		{2250FF86-DDAE-45A2-B68C-7CB46D92FD0B} = {DD9462F4-9B51-4AB4-9767-9EED146034BA}
		{1BEA841B-23D1-4996-9681-400F65E25738} = {2250FF86-DDAE-45A2-B68C-7CB46D92FD0B}
		{8DC7C0A6-2999-457B-BA7D-AFC9A726FCBA} = {ED789995-5890-435E-82AC-E3697345DAF8}
		{A97DC4BC-4B58-4865-B4E6-C3446985496B} = {ED789995-5890-435E-82AC-E3697345DAF8}
		{2E03FFE1-9185-4386-8E8D-5E140940F35D} = {ED789995-5890-435E-82AC-E3697345DAF8}
	EndGlobalSection
	GlobalSection(ExtensibilityGlobals) = postSolution
		SolutionGuid = {EE1C778A-6E00-423E-904A-5B30B82259BC}
	EndGlobalSection
EndGlobal
