
Microsoft Visual Studio Solution File, Format Version 12.00
# Visual Studio Version 16
VisualStudioVersion = 16.0.31529.145
MinimumVisualStudioVersion = 10.0.40219.1
Project("{2150E333-8FDC-42A3-9474-1A3956D46DE8}") = "MultiThreading", "MultiThreading", "{D2C2E247-7A5D-4524-82EE-5C4258210E93}"
EndProject
Project("{2150E333-8FDC-42A3-9474-1A3956D46DE8}") = "DesignPatterns", "DesignPatterns", "{DD9462F4-9B51-4AB4-9767-9EED146034BA}"
EndProject
Project("{2150E333-8FDC-42A3-9474-1A3956D46DE8}") = "Pipeline", "Pipeline", "{DC8B27B1-FCA3-4884-AB20-14D9BCF81E35}"
EndProject
Project("{2150E333-8FDC-42A3-9474-1A3956D46DE8}") = "Syncronization", "Syncronization", "{ED789995-5890-435E-82AC-E3697345DAF8}"
EndProject
Project("{9A19103F-16F7-4668-BE54-9A1E7A4F7556}") = "MonitorSyncLabs", "Multithreading\Sync\MonitorSyncLabs\MonitorSyncLabs.csproj", "{AEA3F719-264D-4D3D-8883-AE9EB5E220DE}"
EndProject
Project("{2150E333-8FDC-42A3-9474-1A3956D46DE8}") = "Priority", "Priority", "{BCB73161-1C0F-463F-BB09-CCFAD91EE043}"
EndProject
Project("{9A19103F-16F7-4668-BE54-9A1E7A4F7556}") = "ThreadPriority", "Multithreading\Priority\ThreadPriority\ThreadPriority.csproj", "{83A4C3D4-E0E9-4932-AEEC-28AEF5A960E1}"
EndProject
Project("{2150E333-8FDC-42A3-9474-1A3956D46DE8}") = "Waiting", "Waiting", "{B803817E-4068-488C-A151-1336D8AD5983}"
EndProject
Project("{9A19103F-16F7-4668-BE54-9A1E7A4F7556}") = "ThreadsWaitingLabs", "Multithreading\Waiting\ThreadsWaiting\ThreadsWaitingLabs\ThreadsWaitingLabs.csproj", "{5961D590-E9F1-4325-BEB6-A4564F7C0F22}"
EndProject
Project("{2150E333-8FDC-42A3-9474-1A3956D46DE8}") = "Security", "Security", "{C5A6E589-361A-442C-9FB5-5840FCCEED05}"
EndProject
Project("{2150E333-8FDC-42A3-9474-1A3956D46DE8}") = "NetSecrets", "NetSecrets", "{6D98F656-F384-435C-A34E-3551AAE5F613}"
EndProject
Project("{9A19103F-16F7-4668-BE54-9A1E7A4F7556}") = "NetSecrets", "Security\Secrets\NetSecrets\NetSecrets.csproj", "{D48CDC95-F6F4-4113-8505-A34BC5E60665}"
EndProject
Project("{9A19103F-16F7-4668-BE54-9A1E7A4F7556}") = "TplPipelineLabs", "Multithreading\DesignPatterns\Pipeline\TapPipelineLabs\TplPipelineLabs.csproj", "{C7D9668C-6EB5-4FAB-B68E-EF7D70290676}"
EndProject
Project("{2150E333-8FDC-42A3-9474-1A3956D46DE8}") = "Dataflow", "Dataflow", "{6BB78D39-ACF0-497C-A908-A41DC59D9BF2}"
EndProject
Project("{9A19103F-16F7-4668-BE54-9A1E7A4F7556}") = "TplDataFlowLabs", "Multithreading\DesignPatterns\Dataflow\TplDataFlowLabs\TplDataFlowLabs\TplDataFlowLabs.csproj", "{281D5001-816F-47A5-912D-3F2F9F50BD55}"
EndProject
Project("{2150E333-8FDC-42A3-9474-1A3956D46DE8}") = "ProducerConsumer", "ProducerConsumer", "{76180AD0-8E32-4B08-BAD9-90CDA6BC86BD}"
EndProject
Project("{9A19103F-16F7-4668-BE54-9A1E7A4F7556}") = "PubSubBlockingCollectionLabs", "Multithreading\DesignPatterns\ProducerConsumer\ProducerConsumerLabs\PubSubBlockingCollectionLabs.csproj", "{F8297875-9B3D-40F8-822F-798D2B94E306}"
EndProject
Global
	GlobalSection(SolutionConfigurationPlatforms) = preSolution
		Debug|Any CPU = Debug|Any CPU
		Release|Any CPU = Release|Any CPU
	EndGlobalSection
	GlobalSection(ProjectConfigurationPlatforms) = postSolution
		{AEA3F719-264D-4D3D-8883-AE9EB5E220DE}.Debug|Any CPU.ActiveCfg = Debug|Any CPU
		{AEA3F719-264D-4D3D-8883-AE9EB5E220DE}.Debug|Any CPU.Build.0 = Debug|Any CPU
		{AEA3F719-264D-4D3D-8883-AE9EB5E220DE}.Release|Any CPU.ActiveCfg = Release|Any CPU
		{AEA3F719-264D-4D3D-8883-AE9EB5E220DE}.Release|Any CPU.Build.0 = Release|Any CPU
		{83A4C3D4-E0E9-4932-AEEC-28AEF5A960E1}.Debug|Any CPU.ActiveCfg = Debug|Any CPU
		{83A4C3D4-E0E9-4932-AEEC-28AEF5A960E1}.Debug|Any CPU.Build.0 = Debug|Any CPU
		{83A4C3D4-E0E9-4932-AEEC-28AEF5A960E1}.Release|Any CPU.ActiveCfg = Release|Any CPU
		{83A4C3D4-E0E9-4932-AEEC-28AEF5A960E1}.Release|Any CPU.Build.0 = Release|Any CPU
		{5961D590-E9F1-4325-BEB6-A4564F7C0F22}.Debug|Any CPU.ActiveCfg = Debug|Any CPU
		{5961D590-E9F1-4325-BEB6-A4564F7C0F22}.Debug|Any CPU.Build.0 = Debug|Any CPU
		{5961D590-E9F1-4325-BEB6-A4564F7C0F22}.Release|Any CPU.ActiveCfg = Release|Any CPU
		{5961D590-E9F1-4325-BEB6-A4564F7C0F22}.Release|Any CPU.Build.0 = Release|Any CPU
		{D48CDC95-F6F4-4113-8505-A34BC5E60665}.Debug|Any CPU.ActiveCfg = Debug|Any CPU
		{D48CDC95-F6F4-4113-8505-A34BC5E60665}.Debug|Any CPU.Build.0 = Debug|Any CPU
		{D48CDC95-F6F4-4113-8505-A34BC5E60665}.Release|Any CPU.ActiveCfg = Release|Any CPU
		{D48CDC95-F6F4-4113-8505-A34BC5E60665}.Release|Any CPU.Build.0 = Release|Any CPU
		{C7D9668C-6EB5-4FAB-B68E-EF7D70290676}.Debug|Any CPU.ActiveCfg = Debug|Any CPU
		{C7D9668C-6EB5-4FAB-B68E-EF7D70290676}.Debug|Any CPU.Build.0 = Debug|Any CPU
		{C7D9668C-6EB5-4FAB-B68E-EF7D70290676}.Release|Any CPU.ActiveCfg = Release|Any CPU
		{C7D9668C-6EB5-4FAB-B68E-EF7D70290676}.Release|Any CPU.Build.0 = Release|Any CPU
		{281D5001-816F-47A5-912D-3F2F9F50BD55}.Debug|Any CPU.ActiveCfg = Debug|Any CPU
		{281D5001-816F-47A5-912D-3F2F9F50BD55}.Debug|Any CPU.Build.0 = Debug|Any CPU
		{281D5001-816F-47A5-912D-3F2F9F50BD55}.Release|Any CPU.ActiveCfg = Release|Any CPU
		{281D5001-816F-47A5-912D-3F2F9F50BD55}.Release|Any CPU.Build.0 = Release|Any CPU
		{F8297875-9B3D-40F8-822F-798D2B94E306}.Debug|Any CPU.ActiveCfg = Debug|Any CPU
		{F8297875-9B3D-40F8-822F-798D2B94E306}.Debug|Any CPU.Build.0 = Debug|Any CPU
		{F8297875-9B3D-40F8-822F-798D2B94E306}.Release|Any CPU.ActiveCfg = Release|Any CPU
		{F8297875-9B3D-40F8-822F-798D2B94E306}.Release|Any CPU.Build.0 = Release|Any CPU
	EndGlobalSection
	GlobalSection(SolutionProperties) = preSolution
		HideSolutionNode = FALSE
	EndGlobalSection
	GlobalSection(NestedProjects) = preSolution
		{DD9462F4-9B51-4AB4-9767-9EED146034BA} = {D2C2E247-7A5D-4524-82EE-5C4258210E93}
		{DC8B27B1-FCA3-4884-AB20-14D9BCF81E35} = {DD9462F4-9B51-4AB4-9767-9EED146034BA}
		{ED789995-5890-435E-82AC-E3697345DAF8} = {D2C2E247-7A5D-4524-82EE-5C4258210E93}
		{AEA3F719-264D-4D3D-8883-AE9EB5E220DE} = {ED789995-5890-435E-82AC-E3697345DAF8}
		{BCB73161-1C0F-463F-BB09-CCFAD91EE043} = {D2C2E247-7A5D-4524-82EE-5C4258210E93}
		{83A4C3D4-E0E9-4932-AEEC-28AEF5A960E1} = {BCB73161-1C0F-463F-BB09-CCFAD91EE043}
		{B803817E-4068-488C-A151-1336D8AD5983} = {D2C2E247-7A5D-4524-82EE-5C4258210E93}
		{5961D590-E9F1-4325-BEB6-A4564F7C0F22} = {B803817E-4068-488C-A151-1336D8AD5983}
		{6D98F656-F384-435C-A34E-3551AAE5F613} = {C5A6E589-361A-442C-9FB5-5840FCCEED05}
		{D48CDC95-F6F4-4113-8505-A34BC5E60665} = {6D98F656-F384-435C-A34E-3551AAE5F613}
		{C7D9668C-6EB5-4FAB-B68E-EF7D70290676} = {DC8B27B1-FCA3-4884-AB20-14D9BCF81E35}
		{6BB78D39-ACF0-497C-A908-A41DC59D9BF2} = {DD9462F4-9B51-4AB4-9767-9EED146034BA}
		{281D5001-816F-47A5-912D-3F2F9F50BD55} = {6BB78D39-ACF0-497C-A908-A41DC59D9BF2}
		{76180AD0-8E32-4B08-BAD9-90CDA6BC86BD} = {DD9462F4-9B51-4AB4-9767-9EED146034BA}
		{F8297875-9B3D-40F8-822F-798D2B94E306} = {76180AD0-8E32-4B08-BAD9-90CDA6BC86BD}
	EndGlobalSection
	GlobalSection(ExtensibilityGlobals) = postSolution
		SolutionGuid = {EE1C778A-6E00-423E-904A-5B30B82259BC}
	EndGlobalSection
EndGlobal
